
Microsoft Visual Studio Solution File, Format Version 12.00
# Visual Studio Version 17
VisualStudioVersion = 17.4.33213.308
MinimumVisualStudioVersion = 10.0.40219.1
Project("{FAE04EC0-301F-11D3-BF4B-00C04F79EFBC}") = "MvcWebGradesApplication", "MvcWebGradesApplication\MvcWebGradesApplication.csproj", "{10112F6D-2364-41DA-9D06-060CD08AD676}"
EndProject
Global
	GlobalSection(SolutionConfigurationPlatforms) = preSolution
		Debug|Any CPU = Debug|Any CPU
		Release|Any CPU = Release|Any CPU
	EndGlobalSection
	GlobalSection(ProjectConfigurationPlatforms) = postSolution
		{10112F6D-2364-41DA-9D06-060CD08AD676}.Debug|Any CPU.ActiveCfg = Debug|Any CPU
		{10112F6D-2364-41DA-9D06-060CD08AD676}.Debug|Any CPU.Build.0 = Debug|Any CPU
		{10112F6D-2364-41DA-9D06-060CD08AD676}.Release|Any CPU.ActiveCfg = Release|Any CPU
		{10112F6D-2364-41DA-9D06-060CD08AD676}.Release|Any CPU.Build.0 = Release|Any CPU
	EndGlobalSection
	GlobalSection(SolutionProperties) = preSolution
		HideSolutionNode = FALSE
	EndGlobalSection
	GlobalSection(ExtensibilityGlobals) = postSolution
		SolutionGuid = {92437E10-3B1E-4A23-A151-68811E36D066}
	EndGlobalSection
EndGlobal
